
Microsoft Visual Studio Solution File, Format Version 12.00
# Visual Studio Version 16
VisualStudioVersion = 16.0.31624.102
MinimumVisualStudioVersion = 10.0.40219.1
Project("{FAE04EC0-301F-11D3-BF4B-00C04F79EFBC}") = "1294-Scouting", "1294-Scouting.csproj", "{31C6986B-2F37-4B31-92BA-87D8114DB90D}"
EndProject
Project("{2150E333-8FDC-42A3-9474-1A3956D46DE8}") = "Solution Items", "Solution Items", "{6CE175BB-1295-402B-B06B-54BA5A03BF94}"
	ProjectSection(SolutionItems) = preProject
		.editorconfig = .editorconfig
	EndProjectSection
EndProject
Global
	GlobalSection(SolutionConfigurationPlatforms) = preSolution
		Debug|Any CPU = Debug|Any CPU
		Release|Any CPU = Release|Any CPU
	EndGlobalSection
	GlobalSection(ProjectConfigurationPlatforms) = postSolution
		{31C6986B-2F37-4B31-92BA-87D8114DB90D}.Debug|Any CPU.ActiveCfg = Debug|Any CPU
		{31C6986B-2F37-4B31-92BA-87D8114DB90D}.Debug|Any CPU.Build.0 = Debug|Any CPU
		{31C6986B-2F37-4B31-92BA-87D8114DB90D}.Release|Any CPU.ActiveCfg = Release|Any CPU
		{31C6986B-2F37-4B31-92BA-87D8114DB90D}.Release|Any CPU.Build.0 = Release|Any CPU
	EndGlobalSection
	GlobalSection(SolutionProperties) = preSolution
		HideSolutionNode = FALSE
	EndGlobalSection
	GlobalSection(ExtensibilityGlobals) = postSolution
		SolutionGuid = {C0DCC5F4-3A2F-4BA3-BB63-E3F1ADD12F96}
	EndGlobalSection
EndGlobal
